
Microsoft Visual Studio Solution File, Format Version 12.00
# Visual Studio Version 17
VisualStudioVersion = 17.8.34408.163
MinimumVisualStudioVersion = 10.0.40219.1
Project("{FAE04EC0-301F-11D3-BF4B-00C04F79EFBC}") = "RP3 Platformer", "RP3 Platformer.csproj", "{2D4F2071-85A5-4B4E-A31E-4CC3C222F6AC}"
EndProject
Global
	GlobalSection(SolutionConfigurationPlatforms) = preSolution
		Debug|Any CPU = Debug|Any CPU
		Release|Any CPU = Release|Any CPU
	EndGlobalSection
	GlobalSection(ProjectConfigurationPlatforms) = postSolution
		{2D4F2071-85A5-4B4E-A31E-4CC3C222F6AC}.Debug|Any CPU.ActiveCfg = Debug|Any CPU
		{2D4F2071-85A5-4B4E-A31E-4CC3C222F6AC}.Debug|Any CPU.Build.0 = Debug|Any CPU
		{2D4F2071-85A5-4B4E-A31E-4CC3C222F6AC}.Release|Any CPU.ActiveCfg = Release|Any CPU
		{2D4F2071-85A5-4B4E-A31E-4CC3C222F6AC}.Release|Any CPU.Build.0 = Release|Any CPU
	EndGlobalSection
	GlobalSection(SolutionProperties) = preSolution
		HideSolutionNode = FALSE
	EndGlobalSection
	GlobalSection(ExtensibilityGlobals) = postSolution
		SolutionGuid = {662D2DCD-8A7F-48F6-878A-1A16BCF53C9D}
	EndGlobalSection
EndGlobal
